<?xml version="1.0" encoding="utf-8"?>
<Project ToolsVersion="4.0" xmlns="http://schemas.microsoft.com/developer/msbuild/2003">
  <ItemGroup>
    <Filter Include="源文件">
      <UniqueIdentifier>{4FC737F1-C7A5-4376-A066-2A32D752A2FF}</UniqueIdentifier>
      <Extensions>cpp;c;cc;cxx;def;odl;idl;hpj;bat;asm;asmx</Extensions>
    </Filter>
    <Filter Include="头文件">
      <UniqueIdentifier>{93995380-89BD-4b04-88EB-625FBE52EBFB}</UniqueIdentifier>
      <Extensions>h;hpp;hxx;hm;inl;inc;xsd</Extensions>
    </Filter>
    <Filter Include="资源文件">
      <UniqueIdentifier>{67DA6AB6-F800-4c08-8B7A-83BB121AAD01}</UniqueIdentifier>
      <Extensions>rc;ico;cur;bmp;dlg;rc2;rct;bin;rgs;gif;jpg;jpeg;jpe;resx;tiff;tif;png;wav</Extensions>
    </Filter>
    <Filter Include="头文件\ORF">
      <UniqueIdentifier>{9ef900c1-7974-405c-8a00-b88181ea9c56}</UniqueIdentifier>
    </Filter>
    <Filter Include="源文件\ORF">
      <UniqueIdentifier>{55bd45d2-03de-4da4-a7bc-8e47d63107eb}</UniqueIdentifier>
    </Filter>
  </ItemGroup>
  <ItemGroup>
    <ClCompile Include="CompressiveTracker.cpp">
      <Filter>源文件</Filter>
    </ClCompile>
    <ClCompile Include="RunTracker.cpp">
      <Filter>源文件</Filter>
    </ClCompile>
    <ClCompile Include="ORF\classifier.cpp">
      <Filter>源文件\ORF</Filter>
    </ClCompile>
    <ClCompile Include="ORF\data.cpp">
      <Filter>源文件\ORF</Filter>
    </ClCompile>
    <ClCompile Include="ORF\hyperparameters.cpp">
      <Filter>源文件\ORF</Filter>
    </ClCompile>
    <ClCompile Include="ORF\onlinenode.cpp">
      <Filter>源文件\ORF</Filter>
    </ClCompile>
    <ClCompile Include="ORF\Online-Forest.cpp">
      <Filter>源文件\ORF</Filter>
    </ClCompile>
    <ClCompile Include="ORF\onlinerf.cpp">
      <Filter>源文件\ORF</Filter>
    </ClCompile>
    <ClCompile Include="ORF\onlinetree.cpp">
      <Filter>源文件\ORF</Filter>
    </ClCompile>
    <ClCompile Include="ORF\randomtest.cpp">
      <Filter>源文件\ORF</Filter>
    </ClCompile>
    <ClCompile Include="ORF\utilities.cpp">
      <Filter>源文件\ORF</Filter>
    </ClCompile>
  </ItemGroup>
  <ItemGroup>
    <ClInclude Include="CompressiveTracker.h">
      <Filter>头文件</Filter>
    </ClInclude>
    <ClInclude Include="ORF\classifier.h">
      <Filter>头文件\ORF</Filter>
    </ClInclude>
    <ClInclude Include="ORF\data.h">
      <Filter>头文件\ORF</Filter>
    </ClInclude>
    <ClInclude Include="ORF\hyperparameters.h">
      <Filter>头文件\ORF</Filter>
    </ClInclude>
    <ClInclude Include="ORF\onlinenode.h">
      <Filter>头文件\ORF</Filter>
    </ClInclude>
    <ClInclude Include="ORF\randomtest.h">
      <Filter>头文件\ORF</Filter>
    </ClInclude>
    <ClInclude Include="ORF\onlinetree.h">
      <Filter>头文件\ORF</Filter>
    </ClInclude>
    <ClInclude Include="ORF\onlinerf.h">
      <Filter>头文件\ORF</Filter>
    </ClInclude>
    <ClInclude Include="ORF\utilities.h">
      <Filter>头文件\ORF</Filter>
    </ClInclude>
  </ItemGroup>
</Project>